
Microsoft Visual Studio Solution File, Format Version 12.00
# Visual Studio 2012
Project("{FAE04EC0-301F-11D3-BF4B-00C04F79EFBC}") = "Gruppe22", "Gruppe22\Gruppe22.csproj", "{164C14B2-1140-4BCE-B368-B8CDC21E7471}"
EndProject
Global
	GlobalSection(SolutionConfigurationPlatforms) = preSolution
		Debug|x86 = Debug|x86
		Isometric View (Test)|x86 = Isometric View (Test)|x86
		Release|x86 = Release|x86
	EndGlobalSection
	GlobalSection(ProjectConfigurationPlatforms) = postSolution
		{164C14B2-1140-4BCE-B368-B8CDC21E7471}.Debug|x86.ActiveCfg = Debug|x86
		{164C14B2-1140-4BCE-B368-B8CDC21E7471}.Debug|x86.Build.0 = Debug|x86
		{164C14B2-1140-4BCE-B368-B8CDC21E7471}.Isometric View (Test)|x86.ActiveCfg = Isometric View (Test)|x86
		{164C14B2-1140-4BCE-B368-B8CDC21E7471}.Isometric View (Test)|x86.Build.0 = Isometric View (Test)|x86
		{164C14B2-1140-4BCE-B368-B8CDC21E7471}.Release|x86.ActiveCfg = Release|x86
		{164C14B2-1140-4BCE-B368-B8CDC21E7471}.Release|x86.Build.0 = Release|x86
	EndGlobalSection
	GlobalSection(SolutionProperties) = preSolution
		HideSolutionNode = FALSE
	EndGlobalSection
	GlobalSection(Performance) = preSolution
		HasPerformanceSessions = true
	EndGlobalSection
EndGlobal
